{
  "name": "freetail-hackers.gitlab.io",
  "lockfileVersion": 2,
  "requires": true,
  "packages": {
    "": {
      "dependencies": {
        "fs": "^0.0.1-security",
        "papaparse": "^5.4.1"
      }
    },
    "node_modules/fs": {
      "version": "0.0.1-security",
      "resolved": "https://registry.npmjs.org/fs/-/fs-0.0.1-security.tgz",
      "integrity": "sha512-3XY9e1pP0CVEUCdj5BmfIZxRBTSDycnbqhIOGec9QYtmVH2fbLpj86CFWkrNOkt/Fvty4KZG5lTglL9j/gJ87w=="
    },
    "node_modules/papaparse": {
      "version": "5.4.1",
      "resolved": "https://registry.npmjs.org/papaparse/-/papaparse-5.4.1.tgz",
      "integrity": "sha512-HipMsgJkZu8br23pW15uvo6sib6wne/4woLZPlFf3rpDyMe9ywEXUsuD7+6K9PRkJlVT51j/sCOYDKGGS3ZJrw=="
    }
  },
  "dependencies": {
    "fs": {
      "version": "0.0.1-security",
      "resolved": "https://registry.npmjs.org/fs/-/fs-0.0.1-security.tgz",
      "integrity": "sha512-3XY9e1pP0CVEUCdj5BmfIZxRBTSDycnbqhIOGec9QYtmVH2fbLpj86CFWkrNOkt/Fvty4KZG5lTglL9j/gJ87w=="
    },
    "papaparse": {
      "version": "5.4.1",
      "resolved": "https://registry.npmjs.org/papaparse/-/papaparse-5.4.1.tgz",
      "integrity": "sha512-HipMsgJkZu8br23pW15uvo6sib6wne/4woLZPlFf3rpDyMe9ywEXUsuD7+6K9PRkJlVT51j/sCOYDKGGS3ZJrw=="
    }
  }
}
